// !$*UTF8*$!
{
	archiveVersion = 1;
	classes = {
	};
	objectVersion = 46;
	objects = {

/* Begin PBXBuildFile section */
		D7097143156FCBBB006C3033 /* gdocfile.cpp in Sources */ = {isa = PBXBuildFile; fileRef = D7097142156FCBBB006C3033 /* gdocfile.cpp */; };
		D71090DC1567482700DF71BC /* main.cpp in Sources */ = {isa = PBXBuildFile; fileRef = D71090DB1567482700DF71BC /* main.cpp */; };
		D71090E21567487700DF71BC /* gdrive.dylib in Frameworks */ = {isa = PBXBuildFile; fileRef = D71090C41567476100DF71BC /* gdrive.dylib */; };
		D71090E6156749B000DF71BC /* request.cpp in Sources */ = {isa = PBXBuildFile; fileRef = D71090E5156749B000DF71BC /* request.cpp */; };
		D71090E915674F1200DF71BC /* libcurl.dylib in Frameworks */ = {isa = PBXBuildFile; fileRef = D71090E815674F1200DF71BC /* libcurl.dylib */; };
		D71090ED15675F5B00DF71BC /* folder.cpp in Sources */ = {isa = PBXBuildFile; fileRef = D71090EC15675F5B00DF71BC /* folder.cpp */; };
		D71090F2156764C000DF71BC /* file.cpp in Sources */ = {isa = PBXBuildFile; fileRef = D71090F1156764C000DF71BC /* file.cpp */; };
		D71090F51567662100DF71BC /* utils.cpp in Sources */ = {isa = PBXBuildFile; fileRef = D71090F41567662100DF71BC /* utils.cpp */; };
		D73210E61568043E00D84B9C /* libxml2.dylib in Frameworks */ = {isa = PBXBuildFile; fileRef = D73210E51568043E00D84B9C /* libxml2.dylib */; };
		D73210E81568CFFF00D84B9C /* auth.cpp in Sources */ = {isa = PBXBuildFile; fileRef = D73210E71568CFFF00D84B9C /* auth.cpp */; };
		D73210EC1568EE7200D84B9C /* xml.cpp in Sources */ = {isa = PBXBuildFile; fileRef = D73210EB1568EE7200D84B9C /* xml.cpp */; };
		D7E892DD156FF31000CDD5C3 /* libfuse4x.dylib in Frameworks */ = {isa = PBXBuildFile; fileRef = D7E892DC156FF31000CDD5C3 /* libfuse4x.dylib */; };
		D7E892DF1570913700CDD5C3 /* filecache.cpp in Sources */ = {isa = PBXBuildFile; fileRef = D7E892DE1570913700CDD5C3 /* filecache.cpp */; };
/* End PBXBuildFile section */

/* Begin PBXContainerItemProxy section */
		D71090E31567488900DF71BC /* PBXContainerItemProxy */ = {
			isa = PBXContainerItemProxy;
			containerPortal = D71090BB1567476100DF71BC /* Project object */;
			proxyType = 1;
			remoteGlobalIDString = D71090C31567476100DF71BC;
			remoteInfo = gdrive;
		};
/* End PBXContainerItemProxy section */

/* Begin PBXCopyFilesBuildPhase section */
		D71090D61567482700DF71BC /* CopyFiles */ = {
			isa = PBXCopyFilesBuildPhase;
			buildActionMask = 2147483647;
			dstPath = /usr/share/man/man1/;
			dstSubfolderSpec = 0;
			files = (
			);
			runOnlyForDeploymentPostprocessing = 1;
		};
/* End PBXCopyFilesBuildPhase section */

/* Begin PBXFileReference section */
		D7097140156FCBAF006C3033 /* gdocfile.h */ = {isa = PBXFileReference; lastKnownFileType = sourcecode.c.h; path = gdocfile.h; sourceTree = "<group>"; };
		D7097142156FCBBB006C3033 /* gdocfile.cpp */ = {isa = PBXFileReference; fileEncoding = 4; lastKnownFileType = sourcecode.cpp.cpp; path = gdocfile.cpp; sourceTree = "<group>"; };
		D71090C41567476100DF71BC /* gdrive.dylib */ = {isa = PBXFileReference; explicitFileType = "compiled.mach-o.dylib"; includeInIndex = 0; path = gdrive.dylib; sourceTree = BUILT_PRODUCTS_DIR; };
		D71090C91567476100DF71BC /* gdriveProj.xcconfig */ = {isa = PBXFileReference; lastKnownFileType = text.xcconfig; path = gdriveProj.xcconfig; sourceTree = "<group>"; };
		D71090CA1567476100DF71BC /* gdriveTarget.xcconfig */ = {isa = PBXFileReference; lastKnownFileType = text.xcconfig; path = gdriveTarget.xcconfig; sourceTree = "<group>"; };
		D71090CB1567476100DF71BC /* gdrive.h */ = {isa = PBXFileReference; lastKnownFileType = sourcecode.c.h; path = gdrive.h; sourceTree = "<group>"; };
		D71090D81567482700DF71BC /* gdrivefs */ = {isa = PBXFileReference; explicitFileType = "compiled.mach-o.executable"; includeInIndex = 0; path = gdrivefs; sourceTree = BUILT_PRODUCTS_DIR; };
		D71090DB1567482700DF71BC /* main.cpp */ = {isa = PBXFileReference; lastKnownFileType = sourcecode.cpp.cpp; path = main.cpp; sourceTree = "<group>"; };
		D71090E5156749B000DF71BC /* request.cpp */ = {isa = PBXFileReference; fileEncoding = 4; lastKnownFileType = sourcecode.cpp.cpp; path = request.cpp; sourceTree = "<group>"; };
		D71090E7156749C900DF71BC /* request.h */ = {isa = PBXFileReference; lastKnownFileType = sourcecode.c.h; path = request.h; sourceTree = "<group>"; };
		D71090E815674F1200DF71BC /* libcurl.dylib */ = {isa = PBXFileReference; lastKnownFileType = "compiled.mach-o.dylib"; name = libcurl.dylib; path = usr/lib/libcurl.dylib; sourceTree = SDKROOT; };
		D71090EC15675F5B00DF71BC /* folder.cpp */ = {isa = PBXFileReference; fileEncoding = 4; lastKnownFileType = sourcecode.cpp.cpp; path = folder.cpp; sourceTree = "<group>"; };
		D71090EE15675F6500DF71BC /* folder.h */ = {isa = PBXFileReference; lastKnownFileType = sourcecode.c.h; path = folder.h; sourceTree = "<group>"; };
		D71090EF1567641300DF71BC /* file.h */ = {isa = PBXFileReference; lastKnownFileType = sourcecode.c.h; path = file.h; sourceTree = "<group>"; };
		D71090F01567647B00DF71BC /* gdrive_types.h */ = {isa = PBXFileReference; lastKnownFileType = sourcecode.c.h; path = gdrive_types.h; sourceTree = "<group>"; };
		D71090F1156764C000DF71BC /* file.cpp */ = {isa = PBXFileReference; fileEncoding = 4; lastKnownFileType = sourcecode.cpp.cpp; path = file.cpp; sourceTree = "<group>"; };
		D71090F3156765CB00DF71BC /* utils.h */ = {isa = PBXFileReference; lastKnownFileType = sourcecode.c.h; path = utils.h; sourceTree = "<group>"; };
		D71090F41567662100DF71BC /* utils.cpp */ = {isa = PBXFileReference; fileEncoding = 4; lastKnownFileType = sourcecode.cpp.cpp; path = utils.cpp; sourceTree = "<group>"; };
		D73210E51568043E00D84B9C /* libxml2.dylib */ = {isa = PBXFileReference; lastKnownFileType = "compiled.mach-o.dylib"; name = libxml2.dylib; path = usr/lib/libxml2.dylib; sourceTree = SDKROOT; };
		D73210E71568CFFF00D84B9C /* auth.cpp */ = {isa = PBXFileReference; fileEncoding = 4; lastKnownFileType = sourcecode.cpp.cpp; path = auth.cpp; sourceTree = "<group>"; };
		D73210E91568D00900D84B9C /* auth.h */ = {isa = PBXFileReference; lastKnownFileType = sourcecode.c.h; path = auth.h; sourceTree = "<group>"; };
		D73210EA1568EE6600D84B9C /* xml.h */ = {isa = PBXFileReference; lastKnownFileType = sourcecode.c.h; path = xml.h; sourceTree = "<group>"; };
		D73210EB1568EE7200D84B9C /* xml.cpp */ = {isa = PBXFileReference; fileEncoding = 4; lastKnownFileType = sourcecode.cpp.cpp; path = xml.cpp; sourceTree = "<group>"; };
		D773961F156922880099DBBC /* readme.md */ = {isa = PBXFileReference; fileEncoding = 4; lastKnownFileType = text; path = readme.md; sourceTree = "<group>"; };
		D7E892DA156FF20F00CDD5C3 /* libfuse.dylib */ = {isa = PBXFileReference; lastKnownFileType = "compiled.mach-o"; name = libfuse.dylib; path = "Library/Frameworks/MacFUSE.framework 1/Versions/A/Resources/Debug/libfuse.dylib.dSYM/Contents/Resources/DWARF/libfuse.dylib"; sourceTree = SDKROOT; };
		D7E892DC156FF31000CDD5C3 /* libfuse4x.dylib */ = {isa = PBXFileReference; lastKnownFileType = "compiled.mach-o.dylib"; name = libfuse4x.dylib; path = usr/local/lib/libfuse4x.dylib; sourceTree = SDKROOT; };
		D7E892DE1570913700CDD5C3 /* filecache.cpp */ = {isa = PBXFileReference; fileEncoding = 4; lastKnownFileType = sourcecode.cpp.cpp; path = filecache.cpp; sourceTree = "<group>"; };
		D7E892E01570914000CDD5C3 /* filecache.h */ = {isa = PBXFileReference; lastKnownFileType = sourcecode.c.h; path = filecache.h; sourceTree = "<group>"; };
/* End PBXFileReference section */

/* Begin PBXFrameworksBuildPhase section */
		D71090C11567476100DF71BC /* Frameworks */ = {
			isa = PBXFrameworksBuildPhase;
			buildActionMask = 2147483647;
			files = (
				D73210E61568043E00D84B9C /* libxml2.dylib in Frameworks */,
				D71090E915674F1200DF71BC /* libcurl.dylib in Frameworks */,
			);
			runOnlyForDeploymentPostprocessing = 0;
		};
		D71090D51567482700DF71BC /* Frameworks */ = {
			isa = PBXFrameworksBuildPhase;
			buildActionMask = 2147483647;
			files = (
				D7E892DD156FF31000CDD5C3 /* libfuse4x.dylib in Frameworks */,
				D71090E21567487700DF71BC /* gdrive.dylib in Frameworks */,
			);
			runOnlyForDeploymentPostprocessing = 0;
		};
/* End PBXFrameworksBuildPhase section */

/* Begin PBXGroup section */
		D71090B91567476100DF71BC = {
			isa = PBXGroup;
			children = (
				D7E892DC156FF31000CDD5C3 /* libfuse4x.dylib */,
				D7E892DA156FF20F00CDD5C3 /* libfuse.dylib */,
				D773961F156922880099DBBC /* readme.md */,
				D73210E51568043E00D84B9C /* libxml2.dylib */,
				D71090E815674F1200DF71BC /* libcurl.dylib */,
				D71090C61567476100DF71BC /* gdrive */,
				D71090DA1567482700DF71BC /* gdrivefs */,
				D71090C51567476100DF71BC /* Products */,
			);
			sourceTree = "<group>";
		};
		D71090C51567476100DF71BC /* Products */ = {
			isa = PBXGroup;
			children = (
				D71090C41567476100DF71BC /* gdrive.dylib */,
				D71090D81567482700DF71BC /* gdrivefs */,
			);
			name = Products;
			sourceTree = "<group>";
		};
		D71090C61567476100DF71BC /* gdrive */ = {
			isa = PBXGroup;
			children = (
				D73210E71568CFFF00D84B9C /* auth.cpp */,
				D73210E91568D00900D84B9C /* auth.h */,
				D71090F1156764C000DF71BC /* file.cpp */,
				D71090EF1567641300DF71BC /* file.h */,
				D71090EC15675F5B00DF71BC /* folder.cpp */,
				D71090EE15675F6500DF71BC /* folder.h */,
				D71090CB1567476100DF71BC /* gdrive.h */,
				D71090F01567647B00DF71BC /* gdrive_types.h */,
				D71090C91567476100DF71BC /* gdriveProj.xcconfig */,
				D71090CA1567476100DF71BC /* gdriveTarget.xcconfig */,
				D71090E5156749B000DF71BC /* request.cpp */,
				D71090E7156749C900DF71BC /* request.h */,
				D71090F41567662100DF71BC /* utils.cpp */,
				D71090F3156765CB00DF71BC /* utils.h */,
				D73210EB1568EE7200D84B9C /* xml.cpp */,
				D73210EA1568EE6600D84B9C /* xml.h */,
				D7097140156FCBAF006C3033 /* gdocfile.h */,
				D7097142156FCBBB006C3033 /* gdocfile.cpp */,
				D7E892DE1570913700CDD5C3 /* filecache.cpp */,
				D7E892E01570914000CDD5C3 /* filecache.h */,
			);
			path = gdrive;
			sourceTree = "<group>";
		};
		D71090DA1567482700DF71BC /* gdrivefs */ = {
			isa = PBXGroup;
			children = (
				D71090DB1567482700DF71BC /* main.cpp */,
			);
			path = gdrivefs;
			sourceTree = "<group>";
		};
/* End PBXGroup section */

/* Begin PBXHeadersBuildPhase section */
		D71090C21567476100DF71BC /* Headers */ = {
			isa = PBXHeadersBuildPhase;
			buildActionMask = 2147483647;
			files = (
			);
			runOnlyForDeploymentPostprocessing = 0;
		};
/* End PBXHeadersBuildPhase section */

/* Begin PBXNativeTarget section */
		D71090C31567476100DF71BC /* gdrive */ = {
			isa = PBXNativeTarget;
			buildConfigurationList = D71090D11567476100DF71BC /* Build configuration list for PBXNativeTarget "gdrive" */;
			buildPhases = (
				D71090C01567476100DF71BC /* Sources */,
				D71090C11567476100DF71BC /* Frameworks */,
				D71090C21567476100DF71BC /* Headers */,
			);
			buildRules = (
			);
			dependencies = (
			);
			name = gdrive;
			productName = gdrive;
			productReference = D71090C41567476100DF71BC /* gdrive.dylib */;
			productType = "com.apple.product-type.library.dynamic";
		};
		D71090D71567482700DF71BC /* gdrivefs */ = {
			isa = PBXNativeTarget;
			buildConfigurationList = D71090DF1567482700DF71BC /* Build configuration list for PBXNativeTarget "gdrivefs" */;
			buildPhases = (
				D71090D41567482700DF71BC /* Sources */,
				D71090D51567482700DF71BC /* Frameworks */,
				D71090D61567482700DF71BC /* CopyFiles */,
			);
			buildRules = (
			);
			dependencies = (
				D71090E41567488900DF71BC /* PBXTargetDependency */,
			);
			name = gdrivefs;
			productName = gdrivefs;
			productReference = D71090D81567482700DF71BC /* gdrivefs */;
			productType = "com.apple.product-type.tool";
		};
/* End PBXNativeTarget section */

/* Begin PBXProject section */
		D71090BB1567476100DF71BC /* Project object */ = {
			isa = PBXProject;
			attributes = {
				LastUpgradeCheck = 0430;
			};
			buildConfigurationList = D71090BE1567476100DF71BC /* Build configuration list for PBXProject "gdrive" */;
			compatibilityVersion = "Xcode 3.2";
			developmentRegion = English;
			hasScannedForEncodings = 0;
			knownRegions = (
				en,
			);
			mainGroup = D71090B91567476100DF71BC;
			productRefGroup = D71090C51567476100DF71BC /* Products */;
			projectDirPath = "";
			projectRoot = "";
			targets = (
				D71090C31567476100DF71BC /* gdrive */,
				D71090D71567482700DF71BC /* gdrivefs */,
			);
		};
/* End PBXProject section */

/* Begin PBXSourcesBuildPhase section */
		D71090C01567476100DF71BC /* Sources */ = {
			isa = PBXSourcesBuildPhase;
			buildActionMask = 2147483647;
			files = (
				D71090E6156749B000DF71BC /* request.cpp in Sources */,
				D71090ED15675F5B00DF71BC /* folder.cpp in Sources */,
				D71090F2156764C000DF71BC /* file.cpp in Sources */,
				D71090F51567662100DF71BC /* utils.cpp in Sources */,
				D73210E81568CFFF00D84B9C /* auth.cpp in Sources */,
				D73210EC1568EE7200D84B9C /* xml.cpp in Sources */,
				D7097143156FCBBB006C3033 /* gdocfile.cpp in Sources */,
				D7E892DF1570913700CDD5C3 /* filecache.cpp in Sources */,
			);
			runOnlyForDeploymentPostprocessing = 0;
		};
		D71090D41567482700DF71BC /* Sources */ = {
			isa = PBXSourcesBuildPhase;
			buildActionMask = 2147483647;
			files = (
				D71090DC1567482700DF71BC /* main.cpp in Sources */,
			);
			runOnlyForDeploymentPostprocessing = 0;
		};
/* End PBXSourcesBuildPhase section */

/* Begin PBXTargetDependency section */
		D71090E41567488900DF71BC /* PBXTargetDependency */ = {
			isa = PBXTargetDependency;
			target = D71090C31567476100DF71BC /* gdrive */;
			targetProxy = D71090E31567488900DF71BC /* PBXContainerItemProxy */;
		};
/* End PBXTargetDependency section */

/* Begin XCBuildConfiguration section */
		D71090CF1567476100DF71BC /* Debug */ = {
			isa = XCBuildConfiguration;
			buildSettings = {
				ALWAYS_SEARCH_USER_PATHS = NO;
				ARCHS = "$(ARCHS_STANDARD_64_BIT)";
				CLANG_ENABLE_OBJC_ARC = YES;
				COPY_PHASE_STRIP = NO;
				GCC_C_LANGUAGE_STANDARD = gnu99;
				GCC_DYNAMIC_NO_PIC = NO;
				GCC_ENABLE_OBJC_EXCEPTIONS = YES;
				GCC_OPTIMIZATION_LEVEL = 0;
				GCC_PREPROCESSOR_DEFINITIONS = (
					"DEBUG=1",
					"$(inherited)",
				);
				GCC_SYMBOLS_PRIVATE_EXTERN = NO;
				GCC_VERSION = com.apple.compilers.llvm.clang.1_0;
				GCC_WARN_64_TO_32_BIT_CONVERSION = YES;
				GCC_WARN_ABOUT_RETURN_TYPE = YES;
				GCC_WARN_UNINITIALIZED_AUTOS = YES;
				GCC_WARN_UNUSED_VARIABLE = YES;
				MACOSX_DEPLOYMENT_TARGET = 10.7;
				ONLY_ACTIVE_ARCH = YES;
				SDKROOT = macosx;
			};
			name = Debug;
		};
		D71090D01567476100DF71BC /* Release */ = {
			isa = XCBuildConfiguration;
			buildSettings = {
				ALWAYS_SEARCH_USER_PATHS = NO;
				ARCHS = "$(ARCHS_STANDARD_64_BIT)";
				CLANG_ENABLE_OBJC_ARC = YES;
				COPY_PHASE_STRIP = YES;
				DEBUG_INFORMATION_FORMAT = "dwarf-with-dsym";
				GCC_C_LANGUAGE_STANDARD = gnu99;
				GCC_ENABLE_OBJC_EXCEPTIONS = YES;
				GCC_VERSION = com.apple.compilers.llvm.clang.1_0;
				GCC_WARN_64_TO_32_BIT_CONVERSION = YES;
				GCC_WARN_ABOUT_RETURN_TYPE = YES;
				GCC_WARN_UNINITIALIZED_AUTOS = YES;
				GCC_WARN_UNUSED_VARIABLE = YES;
				MACOSX_DEPLOYMENT_TARGET = 10.7;
				SDKROOT = macosx;
			};
			name = Release;
		};
		D71090D21567476100DF71BC /* Debug */ = {
			isa = XCBuildConfiguration;
			buildSettings = {
				HEADER_SEARCH_PATHS = "/usr/local/Cellar/libxml2/2.7.8/include/**";
				PRODUCT_NAME = "$(TARGET_NAME)";
			};
			name = Debug;
		};
		D71090D31567476100DF71BC /* Release */ = {
			isa = XCBuildConfiguration;
			buildSettings = {
				HEADER_SEARCH_PATHS = "/usr/local/Cellar/libxml2/2.7.8/include/**";
				PRODUCT_NAME = "$(TARGET_NAME)";
			};
			name = Release;
		};
		D71090E01567482700DF71BC /* Debug */ = {
			isa = XCBuildConfiguration;
			buildSettings = {
				GCC_PREPROCESSOR_DEFINITIONS = "";
				LIBRARY_SEARCH_PATHS = (
					"$(inherited)",
					"\"$(SDKROOT)$(LOCAL_LIBRARY_DIR)/Frameworks/MacFUSE.framework 1/Versions/A/Resources/Debug/libfuse.dylib.dSYM/Contents/Resources/DWARF\"",
				);
				PRODUCT_NAME = "$(TARGET_NAME)";
			};
			name = Debug;
		};
		D71090E11567482700DF71BC /* Release */ = {
			isa = XCBuildConfiguration;
			buildSettings = {
				GCC_PREPROCESSOR_DEFINITIONS = "";
				LIBRARY_SEARCH_PATHS = (
					"$(inherited)",
					"\"$(SDKROOT)$(LOCAL_LIBRARY_DIR)/Frameworks/MacFUSE.framework 1/Versions/A/Resources/Debug/libfuse.dylib.dSYM/Contents/Resources/DWARF\"",
				);
				PRODUCT_NAME = "$(TARGET_NAME)";
			};
			name = Release;
		};
/* End XCBuildConfiguration section */

/* Begin XCConfigurationList section */
		D71090BE1567476100DF71BC /* Build configuration list for PBXProject "gdrive" */ = {
			isa = XCConfigurationList;
			buildConfigurations = (
				D71090CF1567476100DF71BC /* Debug */,
				D71090D01567476100DF71BC /* Release */,
			);
			defaultConfigurationIsVisible = 0;
			defaultConfigurationName = Release;
		};
		D71090D11567476100DF71BC /* Build configuration list for PBXNativeTarget "gdrive" */ = {
			isa = XCConfigurationList;
			buildConfigurations = (
				D71090D21567476100DF71BC /* Debug */,
				D71090D31567476100DF71BC /* Release */,
			);
			defaultConfigurationIsVisible = 0;
			defaultConfigurationName = Release;
		};
		D71090DF1567482700DF71BC /* Build configuration list for PBXNativeTarget "gdrivefs" */ = {
			isa = XCConfigurationList;
			buildConfigurations = (
				D71090E01567482700DF71BC /* Debug */,
				D71090E11567482700DF71BC /* Release */,
			);
			defaultConfigurationIsVisible = 0;
			defaultConfigurationName = Release;
		};
/* End XCConfigurationList section */
	};
	rootObject = D71090BB1567476100DF71BC /* Project object */;
}
